
Microsoft Visual Studio Solution File, Format Version 12.00
# Visual Studio Version 16
VisualStudioVersion = 16.0.28803.156
MinimumVisualStudioVersion = 10.0.40219.1
Project("{FAE04EC0-301F-11D3-BF4B-00C04F79EFBC}") = "DZ6MVC", "DZ6MVC\DZ6MVC.csproj", "{144D4F46-31E1-4347-9D82-BE8ACC27E4FE}"
EndProject
Project("{9A19103F-16F7-4668-BE54-9A1E7A4F7556}") = "DataAccess.ADO", "..\DA+Models\DataAccess.ADO\DataAccess.ADO.csproj", "{3884857E-CB87-40FD-8848-EE4E114C2E94}"
EndProject
Project("{9A19103F-16F7-4668-BE54-9A1E7A4F7556}") = "Models", "..\DA+Models\Models\Models.csproj", "{DC855934-FB15-451F-8DF1-CB4E0ACB6A37}"
EndProject
Global
	GlobalSection(SolutionConfigurationPlatforms) = preSolution
		Debug|Any CPU = Debug|Any CPU
		Release|Any CPU = Release|Any CPU
	EndGlobalSection
	GlobalSection(ProjectConfigurationPlatforms) = postSolution
		{144D4F46-31E1-4347-9D82-BE8ACC27E4FE}.Debug|Any CPU.ActiveCfg = Debug|Any CPU
		{144D4F46-31E1-4347-9D82-BE8ACC27E4FE}.Debug|Any CPU.Build.0 = Debug|Any CPU
		{144D4F46-31E1-4347-9D82-BE8ACC27E4FE}.Release|Any CPU.ActiveCfg = Release|Any CPU
		{144D4F46-31E1-4347-9D82-BE8ACC27E4FE}.Release|Any CPU.Build.0 = Release|Any CPU
		{3884857E-CB87-40FD-8848-EE4E114C2E94}.Debug|Any CPU.ActiveCfg = Debug|Any CPU
		{3884857E-CB87-40FD-8848-EE4E114C2E94}.Debug|Any CPU.Build.0 = Debug|Any CPU
		{3884857E-CB87-40FD-8848-EE4E114C2E94}.Release|Any CPU.ActiveCfg = Release|Any CPU
		{3884857E-CB87-40FD-8848-EE4E114C2E94}.Release|Any CPU.Build.0 = Release|Any CPU
		{DC855934-FB15-451F-8DF1-CB4E0ACB6A37}.Debug|Any CPU.ActiveCfg = Debug|Any CPU
		{DC855934-FB15-451F-8DF1-CB4E0ACB6A37}.Debug|Any CPU.Build.0 = Debug|Any CPU
		{DC855934-FB15-451F-8DF1-CB4E0ACB6A37}.Release|Any CPU.ActiveCfg = Release|Any CPU
		{DC855934-FB15-451F-8DF1-CB4E0ACB6A37}.Release|Any CPU.Build.0 = Release|Any CPU
	EndGlobalSection
	GlobalSection(SolutionProperties) = preSolution
		HideSolutionNode = FALSE
	EndGlobalSection
	GlobalSection(ExtensibilityGlobals) = postSolution
		SolutionGuid = {307D7A0F-F69C-47B6-8351-C4A41EFF08B1}
	EndGlobalSection
EndGlobal
